
Microsoft Visual Studio Solution File, Format Version 12.00
# Visual Studio Version 17
VisualStudioVersion = 17.4.33213.308
MinimumVisualStudioVersion = 10.0.40219.1
Project("{9A19103F-16F7-4668-BE54-9A1E7A4F7556}") = "BirdSim", "BirdSim\BirdSim.csproj", "{160B701F-79C6-4CEB-94FF-9B0C913AB365}"
EndProject
Project("{FAE04EC0-301F-11D3-BF4B-00C04F79EFBC}") = "BirdSim_Tests", "BirdSim_Tests\BirdSim_Tests.csproj", "{BC25B391-EFEF-4B99-AB1F-41466E6CDE89}"
EndProject
Global
	GlobalSection(SolutionConfigurationPlatforms) = preSolution
		Debug|Any CPU = Debug|Any CPU
		Release|Any CPU = Release|Any CPU
	EndGlobalSection
	GlobalSection(ProjectConfigurationPlatforms) = postSolution
		{160B701F-79C6-4CEB-94FF-9B0C913AB365}.Debug|Any CPU.ActiveCfg = Debug|Any CPU
		{160B701F-79C6-4CEB-94FF-9B0C913AB365}.Debug|Any CPU.Build.0 = Debug|Any CPU
		{160B701F-79C6-4CEB-94FF-9B0C913AB365}.Release|Any CPU.ActiveCfg = Release|Any CPU
		{160B701F-79C6-4CEB-94FF-9B0C913AB365}.Release|Any CPU.Build.0 = Release|Any CPU
		{BC25B391-EFEF-4B99-AB1F-41466E6CDE89}.Debug|Any CPU.ActiveCfg = Debug|Any CPU
		{BC25B391-EFEF-4B99-AB1F-41466E6CDE89}.Debug|Any CPU.Build.0 = Debug|Any CPU
		{BC25B391-EFEF-4B99-AB1F-41466E6CDE89}.Release|Any CPU.ActiveCfg = Release|Any CPU
		{BC25B391-EFEF-4B99-AB1F-41466E6CDE89}.Release|Any CPU.Build.0 = Release|Any CPU
	EndGlobalSection
	GlobalSection(SolutionProperties) = preSolution
		HideSolutionNode = FALSE
	EndGlobalSection
	GlobalSection(ExtensibilityGlobals) = postSolution
		SolutionGuid = {EA6DCF30-AAAA-435B-9DF7-3C6E34A566A4}
	EndGlobalSection
EndGlobal
